# THIS IS AN AUTOGENERATED FILE. DO NOT EDIT THIS FILE DIRECTLY.
# yarn lockfile v1


prettier-plugin-tailwindcss@^0.1.11:
  version "0.1.11"
  resolved "https://registry.yarnpkg.com/prettier-plugin-tailwindcss/-/prettier-plugin-tailwindcss-0.1.11.tgz#6112da68d9d022b7f896d35c070464931c99c35f"
  integrity sha512-a28+1jvpIZQdZ/W97wOXb6VqI762MKE/TxMMuibMEHhyYsSxQA8Ek30KObd5kJI2HF1ldtSYprFayXJXi3pz8Q==
